// !$*UTF8*$!
{
	archiveVersion = 1;
	classes = {
	};
	objectVersion = 56;
	objects = {

/* Begin PBXBuildFile section */
		F001DE2129F5465B0022ABBB /* CircleImage.swift in Sources */ = {isa = PBXBuildFile; fileRef = F001DE2029F5465B0022ABBB /* CircleImage.swift */; };
		F001DE2329F548F60022ABBB /* MapView.swift in Sources */ = {isa = PBXBuildFile; fileRef = F001DE2229F548F60022ABBB /* MapView.swift */; };
		F001DE2529F5511A0022ABBB /* landmarkData.json in Resources */ = {isa = PBXBuildFile; fileRef = F001DE2429F5511A0022ABBB /* landmarkData.json */; };
		F001DE2929F558BA0022ABBB /* Model Data.swift in Sources */ = {isa = PBXBuildFile; fileRef = F001DE2829F558BA0022ABBB /* Model Data.swift */; };
		F001DE2B29F558DA0022ABBB /* Landmark.swift in Sources */ = {isa = PBXBuildFile; fileRef = F001DE2A29F558DA0022ABBB /* Landmark.swift */; };
		F001DE3029F55AEC0022ABBB /* LandmarkRow.swift in Sources */ = {isa = PBXBuildFile; fileRef = F001DE2F29F55AEC0022ABBB /* LandmarkRow.swift */; };
		F001DE3229F55E3E0022ABBB /* LandmarkList.swift in Sources */ = {isa = PBXBuildFile; fileRef = F001DE3129F55E3E0022ABBB /* LandmarkList.swift */; };
		F001DE3429F562D20022ABBB /* LandmarkDetail.swift in Sources */ = {isa = PBXBuildFile; fileRef = F001DE3329F562D20022ABBB /* LandmarkDetail.swift */; };
		F001DE3629F58A540022ABBB /* favoriteButton.swift in Sources */ = {isa = PBXBuildFile; fileRef = F001DE3529F58A540022ABBB /* favoriteButton.swift */; };
		F001DE3A29F681C30022ABBB /* SwiftUIView.swift in Sources */ = {isa = PBXBuildFile; fileRef = F001DE3929F681C30022ABBB /* SwiftUIView.swift */; };
		F001DE3C29F6852B0022ABBB /* HexagonParameters.swift in Sources */ = {isa = PBXBuildFile; fileRef = F001DE3B29F6852B0022ABBB /* HexagonParameters.swift */; };
		F001DE3E29F686650022ABBB /* BadgeBackground.swift in Sources */ = {isa = PBXBuildFile; fileRef = F001DE3D29F686650022ABBB /* BadgeBackground.swift */; };
		F001DE4029F6895C0022ABBB /* BadgeSymbol.swift in Sources */ = {isa = PBXBuildFile; fileRef = F001DE3F29F6895C0022ABBB /* BadgeSymbol.swift */; };
		F001DE4229F689C90022ABBB /* RotatedBadgeSymbol.swift in Sources */ = {isa = PBXBuildFile; fileRef = F001DE4129F689C90022ABBB /* RotatedBadgeSymbol.swift */; };
		F001DE4429F68A220022ABBB /* Badge.swift in Sources */ = {isa = PBXBuildFile; fileRef = F001DE4329F68A220022ABBB /* Badge.swift */; };
		F001DE4729F68B4E0022ABBB /* hikeData.json in Resources */ = {isa = PBXBuildFile; fileRef = F001DE4629F68B4E0022ABBB /* hikeData.json */; };
		F001DE4929F68B8F0022ABBB /* Hike.swift in Sources */ = {isa = PBXBuildFile; fileRef = F001DE4829F68B8F0022ABBB /* Hike.swift */; };
		F001DE5129F691E30022ABBB /* GraphCapsule.swift in Sources */ = {isa = PBXBuildFile; fileRef = F001DE4D29F691E30022ABBB /* GraphCapsule.swift */; };
		F001DE5229F691E30022ABBB /* HikeGraph.swift in Sources */ = {isa = PBXBuildFile; fileRef = F001DE4E29F691E30022ABBB /* HikeGraph.swift */; };
		F001DE5329F691E30022ABBB /* HikeDetail.swift in Sources */ = {isa = PBXBuildFile; fileRef = F001DE4F29F691E30022ABBB /* HikeDetail.swift */; };
		F001DE5429F691E30022ABBB /* HikeView.swift in Sources */ = {isa = PBXBuildFile; fileRef = F001DE5029F691E30022ABBB /* HikeView.swift */; };
		F030B01E29F431E800F55B20 /* LandmarksApp.swift in Sources */ = {isa = PBXBuildFile; fileRef = F030B01D29F431E800F55B20 /* LandmarksApp.swift */; };
		F030B02029F431E800F55B20 /* ContentView.swift in Sources */ = {isa = PBXBuildFile; fileRef = F030B01F29F431E800F55B20 /* ContentView.swift */; };
		F030B02229F431E900F55B20 /* Assets.xcassets in Resources */ = {isa = PBXBuildFile; fileRef = F030B02129F431E900F55B20 /* Assets.xcassets */; };
		F030B02529F431E900F55B20 /* Preview Assets.xcassets in Resources */ = {isa = PBXBuildFile; fileRef = F030B02429F431E900F55B20 /* Preview Assets.xcassets */; };
		F030B02F29F431E900F55B20 /* LandmarksTests.swift in Sources */ = {isa = PBXBuildFile; fileRef = F030B02E29F431E900F55B20 /* LandmarksTests.swift */; };
		F030B03929F431E900F55B20 /* LandmarksUITests.swift in Sources */ = {isa = PBXBuildFile; fileRef = F030B03829F431E900F55B20 /* LandmarksUITests.swift */; };
		F030B03B29F431E900F55B20 /* LandmarksUITestsLaunchTests.swift in Sources */ = {isa = PBXBuildFile; fileRef = F030B03A29F431E900F55B20 /* LandmarksUITestsLaunchTests.swift */; };
/* End PBXBuildFile section */

/* Begin PBXContainerItemProxy section */
		F030B02B29F431E900F55B20 /* PBXContainerItemProxy */ = {
			isa = PBXContainerItemProxy;
			containerPortal = F030B01229F431E800F55B20 /* Project object */;
			proxyType = 1;
			remoteGlobalIDString = F030B01929F431E800F55B20;
			remoteInfo = Landmarks;
		};
		F030B03529F431E900F55B20 /* PBXContainerItemProxy */ = {
			isa = PBXContainerItemProxy;
			containerPortal = F030B01229F431E800F55B20 /* Project object */;
			proxyType = 1;
			remoteGlobalIDString = F030B01929F431E800F55B20;
			remoteInfo = Landmarks;
		};
/* End PBXContainerItemProxy section */

/* Begin PBXFileReference section */
		F001DE2029F5465B0022ABBB /* CircleImage.swift */ = {isa = PBXFileReference; lastKnownFileType = sourcecode.swift; path = CircleImage.swift; sourceTree = "<group>"; };
		F001DE2229F548F60022ABBB /* MapView.swift */ = {isa = PBXFileReference; lastKnownFileType = sourcecode.swift; path = MapView.swift; sourceTree = "<group>"; };
		F001DE2429F5511A0022ABBB /* landmarkData.json */ = {isa = PBXFileReference; fileEncoding = 4; lastKnownFileType = text.json; path = landmarkData.json; sourceTree = "<group>"; };
		F001DE2829F558BA0022ABBB /* Model Data.swift */ = {isa = PBXFileReference; lastKnownFileType = sourcecode.swift; path = "Model Data.swift"; sourceTree = "<group>"; };
		F001DE2A29F558DA0022ABBB /* Landmark.swift */ = {isa = PBXFileReference; lastKnownFileType = sourcecode.swift; path = Landmark.swift; sourceTree = "<group>"; };
		F001DE2F29F55AEC0022ABBB /* LandmarkRow.swift */ = {isa = PBXFileReference; lastKnownFileType = sourcecode.swift; path = LandmarkRow.swift; sourceTree = "<group>"; };
		F001DE3129F55E3E0022ABBB /* LandmarkList.swift */ = {isa = PBXFileReference; lastKnownFileType = sourcecode.swift; path = LandmarkList.swift; sourceTree = "<group>"; };
		F001DE3329F562D20022ABBB /* LandmarkDetail.swift */ = {isa = PBXFileReference; lastKnownFileType = sourcecode.swift; path = LandmarkDetail.swift; sourceTree = "<group>"; };
		F001DE3529F58A540022ABBB /* favoriteButton.swift */ = {isa = PBXFileReference; lastKnownFileType = sourcecode.swift; path = favoriteButton.swift; sourceTree = "<group>"; };
		F001DE3929F681C30022ABBB /* SwiftUIView.swift */ = {isa = PBXFileReference; lastKnownFileType = sourcecode.swift; path = SwiftUIView.swift; sourceTree = "<group>"; };
		F001DE3B29F6852B0022ABBB /* HexagonParameters.swift */ = {isa = PBXFileReference; lastKnownFileType = sourcecode.swift; path = HexagonParameters.swift; sourceTree = "<group>"; };
		F001DE3D29F686650022ABBB /* BadgeBackground.swift */ = {isa = PBXFileReference; lastKnownFileType = sourcecode.swift; path = BadgeBackground.swift; sourceTree = "<group>"; };
		F001DE3F29F6895C0022ABBB /* BadgeSymbol.swift */ = {isa = PBXFileReference; lastKnownFileType = sourcecode.swift; path = BadgeSymbol.swift; sourceTree = "<group>"; };
		F001DE4129F689C90022ABBB /* RotatedBadgeSymbol.swift */ = {isa = PBXFileReference; lastKnownFileType = sourcecode.swift; path = RotatedBadgeSymbol.swift; sourceTree = "<group>"; };
		F001DE4329F68A220022ABBB /* Badge.swift */ = {isa = PBXFileReference; lastKnownFileType = sourcecode.swift; path = Badge.swift; sourceTree = "<group>"; };
		F001DE4629F68B4E0022ABBB /* hikeData.json */ = {isa = PBXFileReference; fileEncoding = 4; lastKnownFileType = text.json; path = hikeData.json; sourceTree = "<group>"; };
		F001DE4829F68B8F0022ABBB /* Hike.swift */ = {isa = PBXFileReference; lastKnownFileType = sourcecode.swift; path = Hike.swift; sourceTree = "<group>"; };
		F001DE4D29F691E30022ABBB /* GraphCapsule.swift */ = {isa = PBXFileReference; fileEncoding = 4; lastKnownFileType = sourcecode.swift; path = GraphCapsule.swift; sourceTree = "<group>"; };
		F001DE4E29F691E30022ABBB /* HikeGraph.swift */ = {isa = PBXFileReference; fileEncoding = 4; lastKnownFileType = sourcecode.swift; path = HikeGraph.swift; sourceTree = "<group>"; };
		F001DE4F29F691E30022ABBB /* HikeDetail.swift */ = {isa = PBXFileReference; fileEncoding = 4; lastKnownFileType = sourcecode.swift; path = HikeDetail.swift; sourceTree = "<group>"; };
		F001DE5029F691E30022ABBB /* HikeView.swift */ = {isa = PBXFileReference; fileEncoding = 4; lastKnownFileType = sourcecode.swift; path = HikeView.swift; sourceTree = "<group>"; };
		F030B01A29F431E800F55B20 /* Landmarks.app */ = {isa = PBXFileReference; explicitFileType = wrapper.application; includeInIndex = 0; path = Landmarks.app; sourceTree = BUILT_PRODUCTS_DIR; };
		F030B01D29F431E800F55B20 /* LandmarksApp.swift */ = {isa = PBXFileReference; lastKnownFileType = sourcecode.swift; path = LandmarksApp.swift; sourceTree = "<group>"; };
		F030B01F29F431E800F55B20 /* ContentView.swift */ = {isa = PBXFileReference; lastKnownFileType = sourcecode.swift; path = ContentView.swift; sourceTree = "<group>"; };
		F030B02129F431E900F55B20 /* Assets.xcassets */ = {isa = PBXFileReference; lastKnownFileType = folder.assetcatalog; path = Assets.xcassets; sourceTree = "<group>"; };
		F030B02429F431E900F55B20 /* Preview Assets.xcassets */ = {isa = PBXFileReference; lastKnownFileType = folder.assetcatalog; path = "Preview Assets.xcassets"; sourceTree = "<group>"; };
		F030B02A29F431E900F55B20 /* LandmarksTests.xctest */ = {isa = PBXFileReference; explicitFileType = wrapper.cfbundle; includeInIndex = 0; path = LandmarksTests.xctest; sourceTree = BUILT_PRODUCTS_DIR; };
		F030B02E29F431E900F55B20 /* LandmarksTests.swift */ = {isa = PBXFileReference; lastKnownFileType = sourcecode.swift; path = LandmarksTests.swift; sourceTree = "<group>"; };
		F030B03429F431E900F55B20 /* LandmarksUITests.xctest */ = {isa = PBXFileReference; explicitFileType = wrapper.cfbundle; includeInIndex = 0; path = LandmarksUITests.xctest; sourceTree = BUILT_PRODUCTS_DIR; };
		F030B03829F431E900F55B20 /* LandmarksUITests.swift */ = {isa = PBXFileReference; lastKnownFileType = sourcecode.swift; path = LandmarksUITests.swift; sourceTree = "<group>"; };
		F030B03A29F431E900F55B20 /* LandmarksUITestsLaunchTests.swift */ = {isa = PBXFileReference; lastKnownFileType = sourcecode.swift; path = LandmarksUITestsLaunchTests.swift; sourceTree = "<group>"; };
/* End PBXFileReference section */

/* Begin PBXFrameworksBuildPhase section */
		F030B01729F431E800F55B20 /* Frameworks */ = {
			isa = PBXFrameworksBuildPhase;
			buildActionMask = 2147483647;
			files = (
			);
			runOnlyForDeploymentPostprocessing = 0;
		};
		F030B02729F431E900F55B20 /* Frameworks */ = {
			isa = PBXFrameworksBuildPhase;
			buildActionMask = 2147483647;
			files = (
			);
			runOnlyForDeploymentPostprocessing = 0;
		};
		F030B03129F431E900F55B20 /* Frameworks */ = {
			isa = PBXFrameworksBuildPhase;
			buildActionMask = 2147483647;
			files = (
			);
			runOnlyForDeploymentPostprocessing = 0;
		};
/* End PBXFrameworksBuildPhase section */

/* Begin PBXGroup section */
		F001DE2C29F559C60022ABBB /* Views */ = {
			isa = PBXGroup;
			children = (
				F030B01F29F431E800F55B20 /* ContentView.swift */,
				F001DE3829F58B5D0022ABBB /* Helpers */,
				F001DE3729F58B550022ABBB /* Landmarks */,
				F001DE4529F68A6E0022ABBB /* Badges */,
				F001DE4C29F691E30022ABBB /* Hikes */,
			);
			path = Views;
			sourceTree = "<group>";
		};
		F001DE2D29F559CE0022ABBB /* Model */ = {
			isa = PBXGroup;
			children = (
				F001DE2829F558BA0022ABBB /* Model Data.swift */,
				F001DE2A29F558DA0022ABBB /* Landmark.swift */,
				F001DE4829F68B8F0022ABBB /* Hike.swift */,
			);
			path = Model;
			sourceTree = "<group>";
		};
		F001DE2E29F559D50022ABBB /* Resources */ = {
			isa = PBXGroup;
			children = (
				F001DE4629F68B4E0022ABBB /* hikeData.json */,
				F001DE2429F5511A0022ABBB /* landmarkData.json */,
			);
			path = Resources;
			sourceTree = "<group>";
		};
		F001DE3729F58B550022ABBB /* Landmarks */ = {
			isa = PBXGroup;
			children = (
				F001DE3329F562D20022ABBB /* LandmarkDetail.swift */,
				F001DE2F29F55AEC0022ABBB /* LandmarkRow.swift */,
				F001DE3129F55E3E0022ABBB /* LandmarkList.swift */,
				F001DE3929F681C30022ABBB /* SwiftUIView.swift */,
			);
			path = Landmarks;
			sourceTree = "<group>";
		};
		F001DE3829F58B5D0022ABBB /* Helpers */ = {
			isa = PBXGroup;
			children = (
				F001DE2029F5465B0022ABBB /* CircleImage.swift */,
				F001DE2229F548F60022ABBB /* MapView.swift */,
				F001DE3529F58A540022ABBB /* favoriteButton.swift */,
			);
			path = Helpers;
			sourceTree = "<group>";
		};
		F001DE4529F68A6E0022ABBB /* Badges */ = {
			isa = PBXGroup;
			children = (
				F001DE3B29F6852B0022ABBB /* HexagonParameters.swift */,
				F001DE3D29F686650022ABBB /* BadgeBackground.swift */,
				F001DE3F29F6895C0022ABBB /* BadgeSymbol.swift */,
				F001DE4129F689C90022ABBB /* RotatedBadgeSymbol.swift */,
				F001DE4329F68A220022ABBB /* Badge.swift */,
			);
			path = Badges;
			sourceTree = "<group>";
		};
		F001DE4C29F691E30022ABBB /* Hikes */ = {
			isa = PBXGroup;
			children = (
				F001DE4D29F691E30022ABBB /* GraphCapsule.swift */,
				F001DE4E29F691E30022ABBB /* HikeGraph.swift */,
				F001DE4F29F691E30022ABBB /* HikeDetail.swift */,
				F001DE5029F691E30022ABBB /* HikeView.swift */,
			);
			path = Hikes;
			sourceTree = "<group>";
		};
		F030B01129F431E800F55B20 = {
			isa = PBXGroup;
			children = (
				F030B01C29F431E800F55B20 /* Landmarks */,
				F030B02D29F431E900F55B20 /* LandmarksTests */,
				F030B03729F431E900F55B20 /* LandmarksUITests */,
				F030B01B29F431E800F55B20 /* Products */,
			);
			sourceTree = "<group>";
		};
		F030B01B29F431E800F55B20 /* Products */ = {
			isa = PBXGroup;
			children = (
				F030B01A29F431E800F55B20 /* Landmarks.app */,
				F030B02A29F431E900F55B20 /* LandmarksTests.xctest */,
				F030B03429F431E900F55B20 /* LandmarksUITests.xctest */,
			);
			name = Products;
			sourceTree = "<group>";
		};
		F030B01C29F431E800F55B20 /* Landmarks */ = {
			isa = PBXGroup;
			children = (
				F030B01D29F431E800F55B20 /* LandmarksApp.swift */,
				F001DE2C29F559C60022ABBB /* Views */,
				F001DE2D29F559CE0022ABBB /* Model */,
				F001DE2E29F559D50022ABBB /* Resources */,
				F030B02129F431E900F55B20 /* Assets.xcassets */,
				F030B02329F431E900F55B20 /* Preview Content */,
			);
			path = Landmarks;
			sourceTree = "<group>";
		};
		F030B02329F431E900F55B20 /* Preview Content */ = {
			isa = PBXGroup;
			children = (
				F030B02429F431E900F55B20 /* Preview Assets.xcassets */,
			);
			path = "Preview Content";
			sourceTree = "<group>";
		};
		F030B02D29F431E900F55B20 /* LandmarksTests */ = {
			isa = PBXGroup;
			children = (
				F030B02E29F431E900F55B20 /* LandmarksTests.swift */,
			);
			path = LandmarksTests;
			sourceTree = "<group>";
		};
		F030B03729F431E900F55B20 /* LandmarksUITests */ = {
			isa = PBXGroup;
			children = (
				F030B03829F431E900F55B20 /* LandmarksUITests.swift */,
				F030B03A29F431E900F55B20 /* LandmarksUITestsLaunchTests.swift */,
			);
			path = LandmarksUITests;
			sourceTree = "<group>";
		};
/* End PBXGroup section */

/* Begin PBXNativeTarget section */
		F030B01929F431E800F55B20 /* Landmarks */ = {
			isa = PBXNativeTarget;
			buildConfigurationList = F030B03E29F431E900F55B20 /* Build configuration list for PBXNativeTarget "Landmarks" */;
			buildPhases = (
				F030B01629F431E800F55B20 /* Sources */,
				F030B01729F431E800F55B20 /* Frameworks */,
				F030B01829F431E800F55B20 /* Resources */,
			);
			buildRules = (
			);
			dependencies = (
			);
			name = Landmarks;
			productName = Landmarks;
			productReference = F030B01A29F431E800F55B20 /* Landmarks.app */;
			productType = "com.apple.product-type.application";
		};
		F030B02929F431E900F55B20 /* LandmarksTests */ = {
			isa = PBXNativeTarget;
			buildConfigurationList = F030B04129F431E900F55B20 /* Build configuration list for PBXNativeTarget "LandmarksTests" */;
			buildPhases = (
				F030B02629F431E900F55B20 /* Sources */,
				F030B02729F431E900F55B20 /* Frameworks */,
				F030B02829F431E900F55B20 /* Resources */,
			);
			buildRules = (
			);
			dependencies = (
				F030B02C29F431E900F55B20 /* PBXTargetDependency */,
			);
			name = LandmarksTests;
			productName = LandmarksTests;
			productReference = F030B02A29F431E900F55B20 /* LandmarksTests.xctest */;
			productType = "com.apple.product-type.bundle.unit-test";
		};
		F030B03329F431E900F55B20 /* LandmarksUITests */ = {
			isa = PBXNativeTarget;
			buildConfigurationList = F030B04429F431E900F55B20 /* Build configuration list for PBXNativeTarget "LandmarksUITests" */;
			buildPhases = (
				F030B03029F431E900F55B20 /* Sources */,
				F030B03129F431E900F55B20 /* Frameworks */,
				F030B03229F431E900F55B20 /* Resources */,
			);
			buildRules = (
			);
			dependencies = (
				F030B03629F431E900F55B20 /* PBXTargetDependency */,
			);
			name = LandmarksUITests;
			productName = LandmarksUITests;
			productReference = F030B03429F431E900F55B20 /* LandmarksUITests.xctest */;
			productType = "com.apple.product-type.bundle.ui-testing";
		};
/* End PBXNativeTarget section */

/* Begin PBXProject section */
		F030B01229F431E800F55B20 /* Project object */ = {
			isa = PBXProject;
			attributes = {
				BuildIndependentTargetsInParallel = 1;
				LastSwiftUpdateCheck = 1430;
				LastUpgradeCheck = 1430;
				TargetAttributes = {
					F030B01929F431E800F55B20 = {
						CreatedOnToolsVersion = 14.3;
					};
					F030B02929F431E900F55B20 = {
						CreatedOnToolsVersion = 14.3;
						TestTargetID = F030B01929F431E800F55B20;
					};
					F030B03329F431E900F55B20 = {
						CreatedOnToolsVersion = 14.3;
						TestTargetID = F030B01929F431E800F55B20;
					};
				};
			};
			buildConfigurationList = F030B01529F431E800F55B20 /* Build configuration list for PBXProject "Landmarks" */;
			compatibilityVersion = "Xcode 14.0";
			developmentRegion = en;
			hasScannedForEncodings = 0;
			knownRegions = (
				en,
				Base,
			);
			mainGroup = F030B01129F431E800F55B20;
			productRefGroup = F030B01B29F431E800F55B20 /* Products */;
			projectDirPath = "";
			projectRoot = "";
			targets = (
				F030B01929F431E800F55B20 /* Landmarks */,
				F030B02929F431E900F55B20 /* LandmarksTests */,
				F030B03329F431E900F55B20 /* LandmarksUITests */,
			);
		};
/* End PBXProject section */

/* Begin PBXResourcesBuildPhase section */
		F030B01829F431E800F55B20 /* Resources */ = {
			isa = PBXResourcesBuildPhase;
			buildActionMask = 2147483647;
			files = (
				F001DE4729F68B4E0022ABBB /* hikeData.json in Resources */,
				F030B02529F431E900F55B20 /* Preview Assets.xcassets in Resources */,
				F030B02229F431E900F55B20 /* Assets.xcassets in Resources */,
				F001DE2529F5511A0022ABBB /* landmarkData.json in Resources */,
			);
			runOnlyForDeploymentPostprocessing = 0;
		};
		F030B02829F431E900F55B20 /* Resources */ = {
			isa = PBXResourcesBuildPhase;
			buildActionMask = 2147483647;
			files = (
			);
			runOnlyForDeploymentPostprocessing = 0;
		};
		F030B03229F431E900F55B20 /* Resources */ = {
			isa = PBXResourcesBuildPhase;
			buildActionMask = 2147483647;
			files = (
			);
			runOnlyForDeploymentPostprocessing = 0;
		};
/* End PBXResourcesBuildPhase section */

/* Begin PBXSourcesBuildPhase section */
		F030B01629F431E800F55B20 /* Sources */ = {
			isa = PBXSourcesBuildPhase;
			buildActionMask = 2147483647;
			files = (
				F001DE4929F68B8F0022ABBB /* Hike.swift in Sources */,
				F001DE3C29F6852B0022ABBB /* HexagonParameters.swift in Sources */,
				F001DE2B29F558DA0022ABBB /* Landmark.swift in Sources */,
				F001DE2929F558BA0022ABBB /* Model Data.swift in Sources */,
				F001DE5229F691E30022ABBB /* HikeGraph.swift in Sources */,
				F001DE3A29F681C30022ABBB /* SwiftUIView.swift in Sources */,
				F030B02029F431E800F55B20 /* ContentView.swift in Sources */,
				F001DE3229F55E3E0022ABBB /* LandmarkList.swift in Sources */,
				F001DE3429F562D20022ABBB /* LandmarkDetail.swift in Sources */,
				F001DE4029F6895C0022ABBB /* BadgeSymbol.swift in Sources */,
				F001DE4229F689C90022ABBB /* RotatedBadgeSymbol.swift in Sources */,
				F001DE4429F68A220022ABBB /* Badge.swift in Sources */,
				F001DE2329F548F60022ABBB /* MapView.swift in Sources */,
				F001DE3E29F686650022ABBB /* BadgeBackground.swift in Sources */,
				F030B01E29F431E800F55B20 /* LandmarksApp.swift in Sources */,
				F001DE5129F691E30022ABBB /* GraphCapsule.swift in Sources */,
				F001DE5429F691E30022ABBB /* HikeView.swift in Sources */,
				F001DE3629F58A540022ABBB /* favoriteButton.swift in Sources */,
				F001DE3029F55AEC0022ABBB /* LandmarkRow.swift in Sources */,
				F001DE2129F5465B0022ABBB /* CircleImage.swift in Sources */,
				F001DE5329F691E30022ABBB /* HikeDetail.swift in Sources */,
			);
			runOnlyForDeploymentPostprocessing = 0;
		};
		F030B02629F431E900F55B20 /* Sources */ = {
			isa = PBXSourcesBuildPhase;
			buildActionMask = 2147483647;
			files = (
				F030B02F29F431E900F55B20 /* LandmarksTests.swift in Sources */,
			);
			runOnlyForDeploymentPostprocessing = 0;
		};
		F030B03029F431E900F55B20 /* Sources */ = {
			isa = PBXSourcesBuildPhase;
			buildActionMask = 2147483647;
			files = (
				F030B03B29F431E900F55B20 /* LandmarksUITestsLaunchTests.swift in Sources */,
				F030B03929F431E900F55B20 /* LandmarksUITests.swift in Sources */,
			);
			runOnlyForDeploymentPostprocessing = 0;
		};
/* End PBXSourcesBuildPhase section */

/* Begin PBXTargetDependency section */
		F030B02C29F431E900F55B20 /* PBXTargetDependency */ = {
			isa = PBXTargetDependency;
			target = F030B01929F431E800F55B20 /* Landmarks */;
			targetProxy = F030B02B29F431E900F55B20 /* PBXContainerItemProxy */;
		};
		F030B03629F431E900F55B20 /* PBXTargetDependency */ = {
			isa = PBXTargetDependency;
			target = F030B01929F431E800F55B20 /* Landmarks */;
			targetProxy = F030B03529F431E900F55B20 /* PBXContainerItemProxy */;
		};
/* End PBXTargetDependency section */

/* Begin XCBuildConfiguration section */
		F030B03C29F431E900F55B20 /* Debug */ = {
			isa = XCBuildConfiguration;
			buildSettings = {
				ALWAYS_SEARCH_USER_PATHS = NO;
				CLANG_ANALYZER_NONNULL = YES;
				CLANG_ANALYZER_NUMBER_OBJECT_CONVERSION = YES_AGGRESSIVE;
				CLANG_CXX_LANGUAGE_STANDARD = "gnu++20";
				CLANG_ENABLE_MODULES = YES;
				CLANG_ENABLE_OBJC_ARC = YES;
				CLANG_ENABLE_OBJC_WEAK = YES;
				CLANG_WARN_BLOCK_CAPTURE_AUTORELEASING = YES;
				CLANG_WARN_BOOL_CONVERSION = YES;
				CLANG_WARN_COMMA = YES;
				CLANG_WARN_CONSTANT_CONVERSION = YES;
				CLANG_WARN_DEPRECATED_OBJC_IMPLEMENTATIONS = YES;
				CLANG_WARN_DIRECT_OBJC_ISA_USAGE = YES_ERROR;
				CLANG_WARN_DOCUMENTATION_COMMENTS = YES;
				CLANG_WARN_EMPTY_BODY = YES;
				CLANG_WARN_ENUM_CONVERSION = YES;
				CLANG_WARN_INFINITE_RECURSION = YES;
				CLANG_WARN_INT_CONVERSION = YES;
				CLANG_WARN_NON_LITERAL_NULL_CONVERSION = YES;
				CLANG_WARN_OBJC_IMPLICIT_RETAIN_SELF = YES;
				CLANG_WARN_OBJC_LITERAL_CONVERSION = YES;
				CLANG_WARN_OBJC_ROOT_CLASS = YES_ERROR;
				CLANG_WARN_QUOTED_INCLUDE_IN_FRAMEWORK_HEADER = YES;
				CLANG_WARN_RANGE_LOOP_ANALYSIS = YES;
				CLANG_WARN_STRICT_PROTOTYPES = YES;
				CLANG_WARN_SUSPICIOUS_MOVE = YES;
				CLANG_WARN_UNGUARDED_AVAILABILITY = YES_AGGRESSIVE;
				CLANG_WARN_UNREACHABLE_CODE = YES;
				CLANG_WARN__DUPLICATE_METHOD_MATCH = YES;
				COPY_PHASE_STRIP = NO;
				DEBUG_INFORMATION_FORMAT = dwarf;
				ENABLE_STRICT_OBJC_MSGSEND = YES;
				ENABLE_TESTABILITY = YES;
				GCC_C_LANGUAGE_STANDARD = gnu11;
				GCC_DYNAMIC_NO_PIC = NO;
				GCC_NO_COMMON_BLOCKS = YES;
				GCC_OPTIMIZATION_LEVEL = 0;
				GCC_PREPROCESSOR_DEFINITIONS = (
					"DEBUG=1",
					"$(inherited)",
				);
				GCC_WARN_64_TO_32_BIT_CONVERSION = YES;
				GCC_WARN_ABOUT_RETURN_TYPE = YES_ERROR;
				GCC_WARN_UNDECLARED_SELECTOR = YES;
				GCC_WARN_UNINITIALIZED_AUTOS = YES_AGGRESSIVE;
				GCC_WARN_UNUSED_FUNCTION = YES;
				GCC_WARN_UNUSED_VARIABLE = YES;
				IPHONEOS_DEPLOYMENT_TARGET = 16.4;
				MTL_ENABLE_DEBUG_INFO = INCLUDE_SOURCE;
				MTL_FAST_MATH = YES;
				ONLY_ACTIVE_ARCH = YES;
				SDKROOT = iphoneos;
				SWIFT_ACTIVE_COMPILATION_CONDITIONS = DEBUG;
				SWIFT_OPTIMIZATION_LEVEL = "-Onone";
			};
			name = Debug;
		};
		F030B03D29F431E900F55B20 /* Release */ = {
			isa = XCBuildConfiguration;
			buildSettings = {
				ALWAYS_SEARCH_USER_PATHS = NO;
				CLANG_ANALYZER_NONNULL = YES;
				CLANG_ANALYZER_NUMBER_OBJECT_CONVERSION = YES_AGGRESSIVE;
				CLANG_CXX_LANGUAGE_STANDARD = "gnu++20";
				CLANG_ENABLE_MODULES = YES;
				CLANG_ENABLE_OBJC_ARC = YES;
				CLANG_ENABLE_OBJC_WEAK = YES;
				CLANG_WARN_BLOCK_CAPTURE_AUTORELEASING = YES;
				CLANG_WARN_BOOL_CONVERSION = YES;
				CLANG_WARN_COMMA = YES;
				CLANG_WARN_CONSTANT_CONVERSION = YES;
				CLANG_WARN_DEPRECATED_OBJC_IMPLEMENTATIONS = YES;
				CLANG_WARN_DIRECT_OBJC_ISA_USAGE = YES_ERROR;
				CLANG_WARN_DOCUMENTATION_COMMENTS = YES;
				CLANG_WARN_EMPTY_BODY = YES;
				CLANG_WARN_ENUM_CONVERSION = YES;
				CLANG_WARN_INFINITE_RECURSION = YES;
				CLANG_WARN_INT_CONVERSION = YES;
				CLANG_WARN_NON_LITERAL_NULL_CONVERSION = YES;
				CLANG_WARN_OBJC_IMPLICIT_RETAIN_SELF = YES;
				CLANG_WARN_OBJC_LITERAL_CONVERSION = YES;
				CLANG_WARN_OBJC_ROOT_CLASS = YES_ERROR;
				CLANG_WARN_QUOTED_INCLUDE_IN_FRAMEWORK_HEADER = YES;
				CLANG_WARN_RANGE_LOOP_ANALYSIS = YES;
				CLANG_WARN_STRICT_PROTOTYPES = YES;
				CLANG_WARN_SUSPICIOUS_MOVE = YES;
				CLANG_WARN_UNGUARDED_AVAILABILITY = YES_AGGRESSIVE;
				CLANG_WARN_UNREACHABLE_CODE = YES;
				CLANG_WARN__DUPLICATE_METHOD_MATCH = YES;
				COPY_PHASE_STRIP = NO;
				DEBUG_INFORMATION_FORMAT = "dwarf-with-dsym";
				ENABLE_NS_ASSERTIONS = NO;
				ENABLE_STRICT_OBJC_MSGSEND = YES;
				GCC_C_LANGUAGE_STANDARD = gnu11;
				GCC_NO_COMMON_BLOCKS = YES;
				GCC_WARN_64_TO_32_BIT_CONVERSION = YES;
				GCC_WARN_ABOUT_RETURN_TYPE = YES_ERROR;
				GCC_WARN_UNDECLARED_SELECTOR = YES;
				GCC_WARN_UNINITIALIZED_AUTOS = YES_AGGRESSIVE;
				GCC_WARN_UNUSED_FUNCTION = YES;
				GCC_WARN_UNUSED_VARIABLE = YES;
				IPHONEOS_DEPLOYMENT_TARGET = 16.4;
				MTL_ENABLE_DEBUG_INFO = NO;
				MTL_FAST_MATH = YES;
				SDKROOT = iphoneos;
				SWIFT_COMPILATION_MODE = wholemodule;
				SWIFT_OPTIMIZATION_LEVEL = "-O";
				VALIDATE_PRODUCT = YES;
			};
			name = Release;
		};
		F030B03F29F431E900F55B20 /* Debug */ = {
			isa = XCBuildConfiguration;
			buildSettings = {
				ASSETCATALOG_COMPILER_APPICON_NAME = AppIcon;
				ASSETCATALOG_COMPILER_GLOBAL_ACCENT_COLOR_NAME = AccentColor;
				CODE_SIGN_STYLE = Automatic;
				CURRENT_PROJECT_VERSION = 1;
				DEVELOPMENT_ASSET_PATHS = "\"Landmarks/Preview Content\"";
				DEVELOPMENT_TEAM = CSM53NPGZT;
				ENABLE_PREVIEWS = YES;
				GENERATE_INFOPLIST_FILE = YES;
				INFOPLIST_KEY_UIApplicationSceneManifest_Generation = YES;
				INFOPLIST_KEY_UIApplicationSupportsIndirectInputEvents = YES;
				INFOPLIST_KEY_UILaunchScreen_Generation = YES;
				INFOPLIST_KEY_UISupportedInterfaceOrientations_iPad = "UIInterfaceOrientationPortrait UIInterfaceOrientationPortraitUpsideDown UIInterfaceOrientationLandscapeLeft UIInterfaceOrientationLandscapeRight";
				INFOPLIST_KEY_UISupportedInterfaceOrientations_iPhone = "UIInterfaceOrientationPortrait UIInterfaceOrientationLandscapeLeft UIInterfaceOrientationLandscapeRight";
				LD_RUNPATH_SEARCH_PATHS = (
					"$(inherited)",
					"@executable_path/Frameworks",
				);
				MARKETING_VERSION = 1.0;
				PRODUCT_BUNDLE_IDENTIFIER = "com.example.apple-samplecode.Landmarks";
				PRODUCT_NAME = "$(TARGET_NAME)";
				SWIFT_EMIT_LOC_STRINGS = YES;
				SWIFT_VERSION = 5.0;
				TARGETED_DEVICE_FAMILY = "1,2";
			};
			name = Debug;
		};
		F030B04029F431E900F55B20 /* Release */ = {
			isa = XCBuildConfiguration;
			buildSettings = {
				ASSETCATALOG_COMPILER_APPICON_NAME = AppIcon;
				ASSETCATALOG_COMPILER_GLOBAL_ACCENT_COLOR_NAME = AccentColor;
				CODE_SIGN_STYLE = Automatic;
				CURRENT_PROJECT_VERSION = 1;
				DEVELOPMENT_ASSET_PATHS = "\"Landmarks/Preview Content\"";
				DEVELOPMENT_TEAM = CSM53NPGZT;
				ENABLE_PREVIEWS = YES;
				GENERATE_INFOPLIST_FILE = YES;
				INFOPLIST_KEY_UIApplicationSceneManifest_Generation = YES;
				INFOPLIST_KEY_UIApplicationSupportsIndirectInputEvents = YES;
				INFOPLIST_KEY_UILaunchScreen_Generation = YES;
				INFOPLIST_KEY_UISupportedInterfaceOrientations_iPad = "UIInterfaceOrientationPortrait UIInterfaceOrientationPortraitUpsideDown UIInterfaceOrientationLandscapeLeft UIInterfaceOrientationLandscapeRight";
				INFOPLIST_KEY_UISupportedInterfaceOrientations_iPhone = "UIInterfaceOrientationPortrait UIInterfaceOrientationLandscapeLeft UIInterfaceOrientationLandscapeRight";
				LD_RUNPATH_SEARCH_PATHS = (
					"$(inherited)",
					"@executable_path/Frameworks",
				);
				MARKETING_VERSION = 1.0;
				PRODUCT_BUNDLE_IDENTIFIER = "com.example.apple-samplecode.Landmarks";
				PRODUCT_NAME = "$(TARGET_NAME)";
				SWIFT_EMIT_LOC_STRINGS = YES;
				SWIFT_VERSION = 5.0;
				TARGETED_DEVICE_FAMILY = "1,2";
			};
			name = Release;
		};
		F030B04229F431E900F55B20 /* Debug */ = {
			isa = XCBuildConfiguration;
			buildSettings = {
				ALWAYS_EMBED_SWIFT_STANDARD_LIBRARIES = YES;
				BUNDLE_LOADER = "$(TEST_HOST)";
				CODE_SIGN_STYLE = Automatic;
				CURRENT_PROJECT_VERSION = 1;
				DEVELOPMENT_TEAM = CSM53NPGZT;
				GENERATE_INFOPLIST_FILE = YES;
				IPHONEOS_DEPLOYMENT_TARGET = 16.4;
				MARKETING_VERSION = 1.0;
				PRODUCT_BUNDLE_IDENTIFIER = "com.example.apple-samplecode.LandmarksTests";
				PRODUCT_NAME = "$(TARGET_NAME)";
				SWIFT_EMIT_LOC_STRINGS = NO;
				SWIFT_VERSION = 5.0;
				TARGETED_DEVICE_FAMILY = "1,2";
				TEST_HOST = "$(BUILT_PRODUCTS_DIR)/Landmarks.app/$(BUNDLE_EXECUTABLE_FOLDER_PATH)/Landmarks";
			};
			name = Debug;
		};
		F030B04329F431E900F55B20 /* Release */ = {
			isa = XCBuildConfiguration;
			buildSettings = {
				ALWAYS_EMBED_SWIFT_STANDARD_LIBRARIES = YES;
				BUNDLE_LOADER = "$(TEST_HOST)";
				CODE_SIGN_STYLE = Automatic;
				CURRENT_PROJECT_VERSION = 1;
				DEVELOPMENT_TEAM = CSM53NPGZT;
				GENERATE_INFOPLIST_FILE = YES;
				IPHONEOS_DEPLOYMENT_TARGET = 16.4;
				MARKETING_VERSION = 1.0;
				PRODUCT_BUNDLE_IDENTIFIER = "com.example.apple-samplecode.LandmarksTests";
				PRODUCT_NAME = "$(TARGET_NAME)";
				SWIFT_EMIT_LOC_STRINGS = NO;
				SWIFT_VERSION = 5.0;
				TARGETED_DEVICE_FAMILY = "1,2";
				TEST_HOST = "$(BUILT_PRODUCTS_DIR)/Landmarks.app/$(BUNDLE_EXECUTABLE_FOLDER_PATH)/Landmarks";
			};
			name = Release;
		};
		F030B04529F431E900F55B20 /* Debug */ = {
			isa = XCBuildConfiguration;
			buildSettings = {
				ALWAYS_EMBED_SWIFT_STANDARD_LIBRARIES = YES;
				CODE_SIGN_STYLE = Automatic;
				CURRENT_PROJECT_VERSION = 1;
				DEVELOPMENT_TEAM = CSM53NPGZT;
				GENERATE_INFOPLIST_FILE = YES;
				MARKETING_VERSION = 1.0;
				PRODUCT_BUNDLE_IDENTIFIER = "com.example.apple-samplecode.LandmarksUITests";
				PRODUCT_NAME = "$(TARGET_NAME)";
				SWIFT_EMIT_LOC_STRINGS = NO;
				SWIFT_VERSION = 5.0;
				TARGETED_DEVICE_FAMILY = "1,2";
				TEST_TARGET_NAME = Landmarks;
			};
			name = Debug;
		};
		F030B04629F431E900F55B20 /* Release */ = {
			isa = XCBuildConfiguration;
			buildSettings = {
				ALWAYS_EMBED_SWIFT_STANDARD_LIBRARIES = YES;
				CODE_SIGN_STYLE = Automatic;
				CURRENT_PROJECT_VERSION = 1;
				DEVELOPMENT_TEAM = CSM53NPGZT;
				GENERATE_INFOPLIST_FILE = YES;
				MARKETING_VERSION = 1.0;
				PRODUCT_BUNDLE_IDENTIFIER = "com.example.apple-samplecode.LandmarksUITests";
				PRODUCT_NAME = "$(TARGET_NAME)";
				SWIFT_EMIT_LOC_STRINGS = NO;
				SWIFT_VERSION = 5.0;
				TARGETED_DEVICE_FAMILY = "1,2";
				TEST_TARGET_NAME = Landmarks;
			};
			name = Release;
		};
/* End XCBuildConfiguration section */

/* Begin XCConfigurationList section */
		F030B01529F431E800F55B20 /* Build configuration list for PBXProject "Landmarks" */ = {
			isa = XCConfigurationList;
			buildConfigurations = (
				F030B03C29F431E900F55B20 /* Debug */,
				F030B03D29F431E900F55B20 /* Release */,
			);
			defaultConfigurationIsVisible = 0;
			defaultConfigurationName = Release;
		};
		F030B03E29F431E900F55B20 /* Build configuration list for PBXNativeTarget "Landmarks" */ = {
			isa = XCConfigurationList;
			buildConfigurations = (
				F030B03F29F431E900F55B20 /* Debug */,
				F030B04029F431E900F55B20 /* Release */,
			);
			defaultConfigurationIsVisible = 0;
			defaultConfigurationName = Release;
		};
		F030B04129F431E900F55B20 /* Build configuration list for PBXNativeTarget "LandmarksTests" */ = {
			isa = XCConfigurationList;
			buildConfigurations = (
				F030B04229F431E900F55B20 /* Debug */,
				F030B04329F431E900F55B20 /* Release */,
			);
			defaultConfigurationIsVisible = 0;
			defaultConfigurationName = Release;
		};
		F030B04429F431E900F55B20 /* Build configuration list for PBXNativeTarget "LandmarksUITests" */ = {
			isa = XCConfigurationList;
			buildConfigurations = (
				F030B04529F431E900F55B20 /* Debug */,
				F030B04629F431E900F55B20 /* Release */,
			);
			defaultConfigurationIsVisible = 0;
			defaultConfigurationName = Release;
		};
/* End XCConfigurationList section */
	};
	rootObject = F030B01229F431E800F55B20 /* Project object */;
}
